PODS:
  - FBSnapshotTestCase (2.1.4):
    - FBSnapshotTestCase/SwiftSupport (= 2.1.4)
  - FBSnapshotTestCase/Core (2.1.4)
  - FBSnapshotTestCase/SwiftSupport (2.1.4):
    - FBSnapshotTestCase/Core
  - YWXSignSDK/BjcaSignSDK (0.0.1-alpha):
    - YWXSignSDK/Core
  - YWXSignSDK/Core (0.0.1-alpha):
    - YWXSignSDK/YWXSignFoundation
  - YWXSignSDK/YWXSignFoundation (0.0.1-alpha)

DEPENDENCIES:
  - FBSnapshotTestCase
  - YWXSignSDK/BjcaSignSDK (from `../`)

SPEC REPOS:
  trunk:
    - FBSnapshotTestCase

EXTERNAL SOURCES:
  YWXSignSDK:
    :path: "../"

SPEC CHECKSUMS:
  FBSnapshotTestCase: 094f9f314decbabe373b87cc339bea235a63e07a
  YWXSignSDK: e9fcda109355da15ce2445d689d1b9ffa75bae7a

PODFILE CHECKSUM: 13342c852de662757da48b110a924242ad48976c

COCOAPODS: 1.10.0
