PODS:
  - FBSnapshotTestCase (2.1.4):
    - FBSnapshotTestCase/SwiftSupport (= 2.1.4)
  - FBSnapshotTestCase/Core (2.1.4)
  - FBSnapshotTestCase/SwiftSupport (2.1.4):
    - FBSnapshotTestCase/Core
  - YWXSignSDK (4.0.8):
    - YWXSignSDK/Core (= 4.0.8)
  - YWXSignSDK/Core (4.0.8):
    - YWXSignSDK/YWXSignFoundation
  - YWXSignSDK/YWXBjcaSignSDK (4.0.8):
    - YWXSignSDK/Core
  - YWXSignSDK/YWXSignFoundation (4.0.8)

DEPENDENCIES:
  - FBSnapshotTestCase
  - YWXSignSDK (from `../`)
  - YWXSignSDK/YWXBjcaSignSDK (from `../`)

SPEC REPOS:
  trunk:
    - FBSnapshotTestCase

EXTERNAL SOURCES:
  YWXSignSDK:
    :path: "../"

SPEC CHECKSUMS:
  FBSnapshotTestCase: 094f9f314decbabe373b87cc339bea235a63e07a
  YWXSignSDK: 5f13ee19eb742e1978506a4091f6823feb878536

PODFILE CHECKSUM: 1a9bf98e01d3081dd3c2eaa56e6d4ef4207d0a0e

COCOAPODS: 1.12.1
