PODS:
  - FBSnapshotTestCase (2.1.4):
    - FBSnapshotTestCase/SwiftSupport (= 2.1.4)
  - FBSnapshotTestCase/Core (2.1.4)
  - FBSnapshotTestCase/SwiftSupport (2.1.4):
    - FBSnapshotTestCase/Core
  - YWXSignSDK/Core (0.0.2-alpha):
    - YWXSignSDK/YWXSignFoundation
  - YWXSignSDK/YWXBjcaSignSDK (0.0.2-alpha):
    - YWXSignSDK/Core
  - YWXSignSDK/YWXSignFoundation (0.0.2-alpha)

DEPENDENCIES:
  - FBSnapshotTestCase
  - YWXSignSDK/YWXBjcaSignSDK (from `../`)

SPEC REPOS:
  trunk:
    - FBSnapshotTestCase

EXTERNAL SOURCES:
  YWXSignSDK:
    :path: "../"

SPEC CHECKSUMS:
  FBSnapshotTestCase: 094f9f314decbabe373b87cc339bea235a63e07a
  YWXSignSDK: 6f98cfffa75e34a459dc5f0ac96840d5d368af1d

PODFILE CHECKSUM: b169515ae19372de3318ce541c60ab1e4f433cea

COCOAPODS: 1.10.0
